github.com/abiosoft/ishell v2.0.0+incompatible h1:zpwIuEHc37EzrsIYah3cpevrIc8Oma7oZPxr03tlmmw=
github.com/abiosoft/ishell v2.0.0+incompatible/go.mod h1:HQR9AqF2R3P4XXpMpI0NAzgHf/aS6+zVXRj14cVk9qg=
github.com/abiosoft/readline v0.0.0-20180607040430-155bce2042db h1:CjPUSXOiYptLbTdr1RceuZgSFDQ7U15ITERUGrUORx8=
github.com/abiosoft/readline v0.0.0-20180607040430-155bce2042db/go.mod h1:rB3B4rKii8V21ydCbIzH5hZiCQE7f5E9SzUb/ZZx530=
github.com/fatih/color v0.0.0-20181010231311-3f9d52f7176a h1:uGz8bS2tdMYpIjzS/ccMHV4H127Wz//pxlx7dN5qHB4=
github.com/fatih/color v0.0.0-20181010231311-3f9d52f7176a/go.mod h1:Zm6kSWBoL9eyXnKyktHP6abPY2pDugNf5KwzbycvMj4=
github.com/flynn-archive/go-shlex v0.0.0-20150515145356-3f9db97f8568 h1:BMXYYRWTLOJKlh+lOBt6nUQgXAfB7oVIQt5cNreqSLI=
github.com/flynn-archive/go-shlex v0.0.0-20150515145356-3f9db97f8568/go.mod h1:rZfgFAXFS/z/lEd6LJmf9HVZ1LkgYiHx5pHhV5DR16M=
github.com/mattn/go-colorable v0.0.0-20180115155639-6cc8b475d468 h1:v1BLQsCh26Utomh97sfVSkq+45pEOw3i/KB0VOvScoY=
github.com/mattn/go-colorable v0.0.0-20180115155639-6cc8b475d468/go.mod h1:9vuHe8Xs5qXnSaW/c/ABM9alt+Vo+STaOChaDxuIBZU=
github.com/mattn/go-isatty v0.0.4 h1:bnP0vzxcAdeI1zdubAl5PjU6zsERjGZb7raWodagDYs=
github.com/mattn/go-isatty v0.0.4/go.mod h1:M+lRXTBqGeGNdLjl/ufCoiOlB5xdOkqRJdNxMWT7Zi4=
github.com/tarm/serial v0.0.0-20180830185346-98f6abe2eb07 h1:UyzmZLoiDWMRywV4DUYb9Fbt8uiOSooupjTq10vpvnU=
github.com/tarm/serial v0.0.0-20180830185346-98f6abe2eb07/go.mod h1:kDXzergiv9cbyO7IOYJZWg1U88JhDg3PB6klq9Hg2pA=
golang.org/x/sys v0.0.0-20180126165840-ff2a66f350ce/go.mod h1:STP8DvDyc/dI5b8T5hshtkjS+E42TnysNCUPdjciGhY=
